
Microsoft Visual Studio Solution File, Format Version 12.00
# Visual Studio 15
VisualStudioVersion = 15.0.28307.421
MinimumVisualStudioVersion = 10.0.40219.1
Project("{FAE04EC0-301F-11D3-BF4B-00C04F79EFBC}") = "KDZZ", "KDZZ\KDZZ.csproj", "{04250557-7CF1-4933-94D1-7AEB6E4E9D69}"
EndProject
Global
	GlobalSection(SolutionConfigurationPlatforms) = preSolution
		Debug|Any CPU = Debug|Any CPU
		Release|Any CPU = Release|Any CPU
	EndGlobalSection
	GlobalSection(ProjectConfigurationPlatforms) = postSolution
		{04250557-7CF1-4933-94D1-7AEB6E4E9D69}.Debug|Any CPU.ActiveCfg = Debug|Any CPU
		{04250557-7CF1-4933-94D1-7AEB6E4E9D69}.Debug|Any CPU.Build.0 = Debug|Any CPU
		{04250557-7CF1-4933-94D1-7AEB6E4E9D69}.Release|Any CPU.ActiveCfg = Release|Any CPU
		{04250557-7CF1-4933-94D1-7AEB6E4E9D69}.Release|Any CPU.Build.0 = Release|Any CPU
	EndGlobalSection
	GlobalSection(SolutionProperties) = preSolution
		HideSolutionNode = FALSE
	EndGlobalSection
	GlobalSection(ExtensibilityGlobals) = postSolution
		SolutionGuid = {7EDF478E-D440-4BB9-B5EC-3C1DC8646976}
	EndGlobalSection
EndGlobal
